
Microsoft Visual Studio Solution File, Format Version 12.00
# Visual Studio Version 16
VisualStudioVersion = 16.0.810.9
MinimumVisualStudioVersion = 10.0.40219.1
Project("{FAE04EC0-301F-11D3-BF4B-00C04F79EFBC}") = "BlogLab", "BlogLab\BlogLab.csproj", "{81E9ED9D-1F56-4AD8-99AC-6DBDA6DDC0F3}"
EndProject
Global
	GlobalSection(SolutionConfigurationPlatforms) = preSolution
		Debug|Any CPU = Debug|Any CPU
		Release|Any CPU = Release|Any CPU
	EndGlobalSection
	GlobalSection(ProjectConfigurationPlatforms) = postSolution
		{81E9ED9D-1F56-4AD8-99AC-6DBDA6DDC0F3}.Debug|Any CPU.ActiveCfg = Debug|Any CPU
		{81E9ED9D-1F56-4AD8-99AC-6DBDA6DDC0F3}.Debug|Any CPU.Build.0 = Debug|Any CPU
		{81E9ED9D-1F56-4AD8-99AC-6DBDA6DDC0F3}.Release|Any CPU.ActiveCfg = Release|Any CPU
		{81E9ED9D-1F56-4AD8-99AC-6DBDA6DDC0F3}.Release|Any CPU.Build.0 = Release|Any CPU
	EndGlobalSection
	GlobalSection(SolutionProperties) = preSolution
		HideSolutionNode = FALSE
	EndGlobalSection
	GlobalSection(ExtensibilityGlobals) = postSolution
		SolutionGuid = {C4723912-1BB0-4BF5-A180-E26AB5D7BA88}
	EndGlobalSection
EndGlobal
